// !$*UTF8*$!
{
	archiveVersion = 1;
	classes = {
	};
	objectVersion = 50;
	objects = {

/* Begin PBXBuildFile section */
		19776C68257C6C2100B7C74C /* JokeManager.swift in Sources */ = {isa = PBXBuildFile; fileRef = 197B31AF257BCE2B0048976A /* JokeManager.swift */; };
		19776C6B257C6C4500B7C74C /* JokeData.swift in Sources */ = {isa = PBXBuildFile; fileRef = 197B31B2257BD01D0048976A /* JokeData.swift */; };
		19776C6E257C809700B7C74C /* Assets.xcassets in Resources */ = {isa = PBXBuildFile; fileRef = 197B31A0257BCDB40048976A /* Assets.xcassets */; };
		197B319B257BCDB20048976A /* AppDelegate.swift in Sources */ = {isa = PBXBuildFile; fileRef = 197B319A257BCDB20048976A /* AppDelegate.swift */; };
		197B319D257BCDB20048976A /* SceneDelegate.swift in Sources */ = {isa = PBXBuildFile; fileRef = 197B319C257BCDB20048976A /* SceneDelegate.swift */; };
		197B319F257BCDB20048976A /* ContentView.swift in Sources */ = {isa = PBXBuildFile; fileRef = 197B319E257BCDB20048976A /* ContentView.swift */; };
		197B31A1257BCDB40048976A /* Assets.xcassets in Resources */ = {isa = PBXBuildFile; fileRef = 197B31A0257BCDB40048976A /* Assets.xcassets */; };
		197B31A4257BCDB40048976A /* Preview Assets.xcassets in Resources */ = {isa = PBXBuildFile; fileRef = 197B31A3257BCDB40048976A /* Preview Assets.xcassets */; };
		197B31A7257BCDB40048976A /* LaunchScreen.storyboard in Resources */ = {isa = PBXBuildFile; fileRef = 197B31A5257BCDB40048976A /* LaunchScreen.storyboard */; };
		197B31B0257BCE2B0048976A /* JokeManager.swift in Sources */ = {isa = PBXBuildFile; fileRef = 197B31AF257BCE2B0048976A /* JokeManager.swift */; };
		197B31B3257BD01D0048976A /* JokeData.swift in Sources */ = {isa = PBXBuildFile; fileRef = 197B31B2257BD01D0048976A /* JokeData.swift */; };
		197B31BD257C68E40048976A /* WidgetKit.framework in Frameworks */ = {isa = PBXBuildFile; fileRef = 197B31BC257C68E40048976A /* WidgetKit.framework */; };
		197B31BF257C68E40048976A /* SwiftUI.framework in Frameworks */ = {isa = PBXBuildFile; fileRef = 197B31BE257C68E40048976A /* SwiftUI.framework */; };
		197B31C2257C68E40048976A /* JokeWidget.swift in Sources */ = {isa = PBXBuildFile; fileRef = 197B31C1257C68E40048976A /* JokeWidget.swift */; };
		197B31C4257C68E60048976A /* Assets.xcassets in Resources */ = {isa = PBXBuildFile; fileRef = 197B31C3257C68E60048976A /* Assets.xcassets */; };
		197B31C8257C68E60048976A /* JokeWidgetExtension.appex in Embed App Extensions */ = {isa = PBXBuildFile; fileRef = 197B31BA257C68E30048976A /* JokeWidgetExtension.appex */; settings = {ATTRIBUTES = (RemoveHeadersOnCopy, ); }; };
/* End PBXBuildFile section */

/* Begin PBXContainerItemProxy section */
		197B31C6257C68E60048976A /* PBXContainerItemProxy */ = {
			isa = PBXContainerItemProxy;
			containerPortal = 197B318F257BCDB20048976A /* Project object */;
			proxyType = 1;
			remoteGlobalIDString = 197B31B9257C68E30048976A;
			remoteInfo = JokeWidgetExtension;
		};
/* End PBXContainerItemProxy section */

/* Begin PBXCopyFilesBuildPhase section */
		197B31C9257C68E60048976A /* Embed App Extensions */ = {
			isa = PBXCopyFilesBuildPhase;
			buildActionMask = 2147483647;
			dstPath = "";
			dstSubfolderSpec = 13;
			files = (
				197B31C8257C68E60048976A /* JokeWidgetExtension.appex in Embed App Extensions */,
			);
			name = "Embed App Extensions";
			runOnlyForDeploymentPostprocessing = 0;
		};
/* End PBXCopyFilesBuildPhase section */

/* Begin PBXFileReference section */
		194E514526236E17000F6986 /* README.md */ = {isa = PBXFileReference; lastKnownFileType = net.daringfireball.markdown; path = README.md; sourceTree = "<group>"; };
		197B3197257BCDB20048976A /* Dad Jokes.app */ = {isa = PBXFileReference; explicitFileType = wrapper.application; includeInIndex = 0; path = "Dad Jokes.app"; sourceTree = BUILT_PRODUCTS_DIR; };
		197B319A257BCDB20048976A /* AppDelegate.swift */ = {isa = PBXFileReference; lastKnownFileType = sourcecode.swift; path = AppDelegate.swift; sourceTree = "<group>"; };
		197B319C257BCDB20048976A /* SceneDelegate.swift */ = {isa = PBXFileReference; lastKnownFileType = sourcecode.swift; path = SceneDelegate.swift; sourceTree = "<group>"; };
		197B319E257BCDB20048976A /* ContentView.swift */ = {isa = PBXFileReference; lastKnownFileType = sourcecode.swift; path = ContentView.swift; sourceTree = "<group>"; };
		197B31A0257BCDB40048976A /* Assets.xcassets */ = {isa = PBXFileReference; lastKnownFileType = folder.assetcatalog; path = Assets.xcassets; sourceTree = "<group>"; };
		197B31A3257BCDB40048976A /* Preview Assets.xcassets */ = {isa = PBXFileReference; lastKnownFileType = folder.assetcatalog; path = "Preview Assets.xcassets"; sourceTree = "<group>"; };
		197B31A6257BCDB40048976A /* Base */ = {isa = PBXFileReference; lastKnownFileType = file.storyboard; name = Base; path = Base.lproj/LaunchScreen.storyboard; sourceTree = "<group>"; };
		197B31A8257BCDB40048976A /* Info.plist */ = {isa = PBXFileReference; lastKnownFileType = text.plist.xml; path = Info.plist; sourceTree = "<group>"; };
		197B31AF257BCE2B0048976A /* JokeManager.swift */ = {isa = PBXFileReference; lastKnownFileType = sourcecode.swift; path = JokeManager.swift; sourceTree = "<group>"; };
		197B31B2257BD01D0048976A /* JokeData.swift */ = {isa = PBXFileReference; lastKnownFileType = sourcecode.swift; path = JokeData.swift; sourceTree = "<group>"; };
		197B31BA257C68E30048976A /* JokeWidgetExtension.appex */ = {isa = PBXFileReference; explicitFileType = "wrapper.app-extension"; includeInIndex = 0; path = JokeWidgetExtension.appex; sourceTree = BUILT_PRODUCTS_DIR; };
		197B31BC257C68E40048976A /* WidgetKit.framework */ = {isa = PBXFileReference; lastKnownFileType = wrapper.framework; name = WidgetKit.framework; path = System/Library/Frameworks/WidgetKit.framework; sourceTree = SDKROOT; };
		197B31BE257C68E40048976A /* SwiftUI.framework */ = {isa = PBXFileReference; lastKnownFileType = wrapper.framework; name = SwiftUI.framework; path = System/Library/Frameworks/SwiftUI.framework; sourceTree = SDKROOT; };
		197B31C1257C68E40048976A /* JokeWidget.swift */ = {isa = PBXFileReference; lastKnownFileType = sourcecode.swift; path = JokeWidget.swift; sourceTree = "<group>"; };
		197B31C3257C68E60048976A /* Assets.xcassets */ = {isa = PBXFileReference; lastKnownFileType = folder.assetcatalog; path = Assets.xcassets; sourceTree = "<group>"; };
		197B31C5257C68E60048976A /* Info.plist */ = {isa = PBXFileReference; lastKnownFileType = text.plist.xml; path = Info.plist; sourceTree = "<group>"; };
/* End PBXFileReference section */

/* Begin PBXFrameworksBuildPhase section */
		197B3194257BCDB20048976A /* Frameworks */ = {
			isa = PBXFrameworksBuildPhase;
			buildActionMask = 2147483647;
			files = (
			);
			runOnlyForDeploymentPostprocessing = 0;
		};
		197B31B7257C68E30048976A /* Frameworks */ = {
			isa = PBXFrameworksBuildPhase;
			buildActionMask = 2147483647;
			files = (
				197B31BF257C68E40048976A /* SwiftUI.framework in Frameworks */,
				197B31BD257C68E40048976A /* WidgetKit.framework in Frameworks */,
			);
			runOnlyForDeploymentPostprocessing = 0;
		};
/* End PBXFrameworksBuildPhase section */

/* Begin PBXGroup section */
		197B318E257BCDB20048976A = {
			isa = PBXGroup;
			children = (
				194E514526236E17000F6986 /* README.md */,
				197B3199257BCDB20048976A /* Dad Jokes */,
				197B31C0257C68E40048976A /* JokeWidget */,
				197B31BB257C68E30048976A /* Frameworks */,
				197B3198257BCDB20048976A /* Products */,
			);
			sourceTree = "<group>";
		};
		197B3198257BCDB20048976A /* Products */ = {
			isa = PBXGroup;
			children = (
				197B3197257BCDB20048976A /* Dad Jokes.app */,
				197B31BA257C68E30048976A /* JokeWidgetExtension.appex */,
			);
			name = Products;
			sourceTree = "<group>";
		};
		197B3199257BCDB20048976A /* Dad Jokes */ = {
			isa = PBXGroup;
			children = (
				197B319A257BCDB20048976A /* AppDelegate.swift */,
				197B319C257BCDB20048976A /* SceneDelegate.swift */,
				197B319E257BCDB20048976A /* ContentView.swift */,
				197B31AF257BCE2B0048976A /* JokeManager.swift */,
				197B31B2257BD01D0048976A /* JokeData.swift */,
				197B31A0257BCDB40048976A /* Assets.xcassets */,
				197B31A5257BCDB40048976A /* LaunchScreen.storyboard */,
				197B31A8257BCDB40048976A /* Info.plist */,
				197B31A2257BCDB40048976A /* Preview Content */,
			);
			path = "Dad Jokes";
			sourceTree = "<group>";
		};
		197B31A2257BCDB40048976A /* Preview Content */ = {
			isa = PBXGroup;
			children = (
				197B31A3257BCDB40048976A /* Preview Assets.xcassets */,
			);
			path = "Preview Content";
			sourceTree = "<group>";
		};
		197B31BB257C68E30048976A /* Frameworks */ = {
			isa = PBXGroup;
			children = (
				197B31BC257C68E40048976A /* WidgetKit.framework */,
				197B31BE257C68E40048976A /* SwiftUI.framework */,
			);
			name = Frameworks;
			sourceTree = "<group>";
		};
		197B31C0257C68E40048976A /* JokeWidget */ = {
			isa = PBXGroup;
			children = (
				197B31C1257C68E40048976A /* JokeWidget.swift */,
				197B31C3257C68E60048976A /* Assets.xcassets */,
				197B31C5257C68E60048976A /* Info.plist */,
			);
			path = JokeWidget;
			sourceTree = "<group>";
		};
/* End PBXGroup section */

/* Begin PBXNativeTarget section */
		197B3196257BCDB20048976A /* Dad Jokes */ = {
			isa = PBXNativeTarget;
			buildConfigurationList = 197B31AB257BCDB40048976A /* Build configuration list for PBXNativeTarget "Dad Jokes" */;
			buildPhases = (
				197B3193257BCDB20048976A /* Sources */,
				197B3194257BCDB20048976A /* Frameworks */,
				197B3195257BCDB20048976A /* Resources */,
				197B31C9257C68E60048976A /* Embed App Extensions */,
			);
			buildRules = (
			);
			dependencies = (
				197B31C7257C68E60048976A /* PBXTargetDependency */,
			);
			name = "Dad Jokes";
			productName = "Dad Jokes";
			productReference = 197B3197257BCDB20048976A /* Dad Jokes.app */;
			productType = "com.apple.product-type.application";
		};
		197B31B9257C68E30048976A /* JokeWidgetExtension */ = {
			isa = PBXNativeTarget;
			buildConfigurationList = 197B31CC257C68E60048976A /* Build configuration list for PBXNativeTarget "JokeWidgetExtension" */;
			buildPhases = (
				197B31B6257C68E30048976A /* Sources */,
				197B31B7257C68E30048976A /* Frameworks */,
				197B31B8257C68E30048976A /* Resources */,
			);
			buildRules = (
			);
			dependencies = (
			);
			name = JokeWidgetExtension;
			productName = JokeWidgetExtension;
			productReference = 197B31BA257C68E30048976A /* JokeWidgetExtension.appex */;
			productType = "com.apple.product-type.app-extension";
		};
/* End PBXNativeTarget section */

/* Begin PBXProject section */
		197B318F257BCDB20048976A /* Project object */ = {
			isa = PBXProject;
			attributes = {
				LastSwiftUpdateCheck = 1220;
				LastUpgradeCheck = 1220;
				TargetAttributes = {
					197B3196257BCDB20048976A = {
						CreatedOnToolsVersion = 12.2;
					};
					197B31B9257C68E30048976A = {
						CreatedOnToolsVersion = 12.2;
					};
				};
			};
			buildConfigurationList = 197B3192257BCDB20048976A /* Build configuration list for PBXProject "Dad Jokes" */;
			compatibilityVersion = "Xcode 9.3";
			developmentRegion = en;
			hasScannedForEncodings = 0;
			knownRegions = (
				en,
				Base,
			);
			mainGroup = 197B318E257BCDB20048976A;
			productRefGroup = 197B3198257BCDB20048976A /* Products */;
			projectDirPath = "";
			projectRoot = "";
			targets = (
				197B3196257BCDB20048976A /* Dad Jokes */,
				197B31B9257C68E30048976A /* JokeWidgetExtension */,
			);
		};
/* End PBXProject section */

/* Begin PBXResourcesBuildPhase section */
		197B3195257BCDB20048976A /* Resources */ = {
			isa = PBXResourcesBuildPhase;
			buildActionMask = 2147483647;
			files = (
				197B31A7257BCDB40048976A /* LaunchScreen.storyboard in Resources */,
				197B31A4257BCDB40048976A /* Preview Assets.xcassets in Resources */,
				197B31A1257BCDB40048976A /* Assets.xcassets in Resources */,
			);
			runOnlyForDeploymentPostprocessing = 0;
		};
		197B31B8257C68E30048976A /* Resources */ = {
			isa = PBXResourcesBuildPhase;
			buildActionMask = 2147483647;
			files = (
				19776C6E257C809700B7C74C /* Assets.xcassets in Resources */,
				197B31C4257C68E60048976A /* Assets.xcassets in Resources */,
			);
			runOnlyForDeploymentPostprocessing = 0;
		};
/* End PBXResourcesBuildPhase section */

/* Begin PBXSourcesBuildPhase section */
		197B3193257BCDB20048976A /* Sources */ = {
			isa = PBXSourcesBuildPhase;
			buildActionMask = 2147483647;
			files = (
				197B31B0257BCE2B0048976A /* JokeManager.swift in Sources */,
				197B319B257BCDB20048976A /* AppDelegate.swift in Sources */,
				197B31B3257BD01D0048976A /* JokeData.swift in Sources */,
				197B319D257BCDB20048976A /* SceneDelegate.swift in Sources */,
				197B319F257BCDB20048976A /* ContentView.swift in Sources */,
			);
			runOnlyForDeploymentPostprocessing = 0;
		};
		197B31B6257C68E30048976A /* Sources */ = {
			isa = PBXSourcesBuildPhase;
			buildActionMask = 2147483647;
			files = (
				19776C68257C6C2100B7C74C /* JokeManager.swift in Sources */,
				19776C6B257C6C4500B7C74C /* JokeData.swift in Sources */,
				197B31C2257C68E40048976A /* JokeWidget.swift in Sources */,
			);
			runOnlyForDeploymentPostprocessing = 0;
		};
/* End PBXSourcesBuildPhase section */

/* Begin PBXTargetDependency section */
		197B31C7257C68E60048976A /* PBXTargetDependency */ = {
			isa = PBXTargetDependency;
			target = 197B31B9257C68E30048976A /* JokeWidgetExtension */;
			targetProxy = 197B31C6257C68E60048976A /* PBXContainerItemProxy */;
		};
/* End PBXTargetDependency section */

/* Begin PBXVariantGroup section */
		197B31A5257BCDB40048976A /* LaunchScreen.storyboard */ = {
			isa = PBXVariantGroup;
			children = (
				197B31A6257BCDB40048976A /* Base */,
			);
			name = LaunchScreen.storyboard;
			sourceTree = "<group>";
		};
/* End PBXVariantGroup section */

/* Begin XCBuildConfiguration section */
		197B31A9257BCDB40048976A /* Debug */ = {
			isa = XCBuildConfiguration;
			buildSettings = {
				ALWAYS_SEARCH_USER_PATHS = NO;
				CLANG_ANALYZER_NONNULL = YES;
				CLANG_ANALYZER_NUMBER_OBJECT_CONVERSION = YES_AGGRESSIVE;
				CLANG_CXX_LANGUAGE_STANDARD = "gnu++14";
				CLANG_CXX_LIBRARY = "libc++";
				CLANG_ENABLE_MODULES = YES;
				CLANG_ENABLE_OBJC_ARC = YES;
				CLANG_ENABLE_OBJC_WEAK = YES;
				CLANG_WARN_BLOCK_CAPTURE_AUTORELEASING = YES;
				CLANG_WARN_BOOL_CONVERSION = YES;
				CLANG_WARN_COMMA = YES;
				CLANG_WARN_CONSTANT_CONVERSION = YES;
				CLANG_WARN_DEPRECATED_OBJC_IMPLEMENTATIONS = YES;
				CLANG_WARN_DIRECT_OBJC_ISA_USAGE = YES_ERROR;
				CLANG_WARN_DOCUMENTATION_COMMENTS = YES;
				CLANG_WARN_EMPTY_BODY = YES;
				CLANG_WARN_ENUM_CONVERSION = YES;
				CLANG_WARN_INFINITE_RECURSION = YES;
				CLANG_WARN_INT_CONVERSION = YES;
				CLANG_WARN_NON_LITERAL_NULL_CONVERSION = YES;
				CLANG_WARN_OBJC_IMPLICIT_RETAIN_SELF = YES;
				CLANG_WARN_OBJC_LITERAL_CONVERSION = YES;
				CLANG_WARN_OBJC_ROOT_CLASS = YES_ERROR;
				CLANG_WARN_QUOTED_INCLUDE_IN_FRAMEWORK_HEADER = YES;
				CLANG_WARN_RANGE_LOOP_ANALYSIS = YES;
				CLANG_WARN_STRICT_PROTOTYPES = YES;
				CLANG_WARN_SUSPICIOUS_MOVE = YES;
				CLANG_WARN_UNGUARDED_AVAILABILITY = YES_AGGRESSIVE;
				CLANG_WARN_UNREACHABLE_CODE = YES;
				CLANG_WARN__DUPLICATE_METHOD_MATCH = YES;
				COPY_PHASE_STRIP = NO;
				DEBUG_INFORMATION_FORMAT = dwarf;
				ENABLE_STRICT_OBJC_MSGSEND = YES;
				ENABLE_TESTABILITY = YES;
				GCC_C_LANGUAGE_STANDARD = gnu11;
				GCC_DYNAMIC_NO_PIC = NO;
				GCC_NO_COMMON_BLOCKS = YES;
				GCC_OPTIMIZATION_LEVEL = 0;
				GCC_PREPROCESSOR_DEFINITIONS = (
					"DEBUG=1",
					"$(inherited)",
				);
				GCC_WARN_64_TO_32_BIT_CONVERSION = YES;
				GCC_WARN_ABOUT_RETURN_TYPE = YES_ERROR;
				GCC_WARN_UNDECLARED_SELECTOR = YES;
				GCC_WARN_UNINITIALIZED_AUTOS = YES_AGGRESSIVE;
				GCC_WARN_UNUSED_FUNCTION = YES;
				GCC_WARN_UNUSED_VARIABLE = YES;
				IPHONEOS_DEPLOYMENT_TARGET = 14.2;
				MTL_ENABLE_DEBUG_INFO = INCLUDE_SOURCE;
				MTL_FAST_MATH = YES;
				ONLY_ACTIVE_ARCH = YES;
				SDKROOT = iphoneos;
				SWIFT_ACTIVE_COMPILATION_CONDITIONS = DEBUG;
				SWIFT_OPTIMIZATION_LEVEL = "-Onone";
			};
			name = Debug;
		};
		197B31AA257BCDB40048976A /* Release */ = {
			isa = XCBuildConfiguration;
			buildSettings = {
				ALWAYS_SEARCH_USER_PATHS = NO;
				CLANG_ANALYZER_NONNULL = YES;
				CLANG_ANALYZER_NUMBER_OBJECT_CONVERSION = YES_AGGRESSIVE;
				CLANG_CXX_LANGUAGE_STANDARD = "gnu++14";
				CLANG_CXX_LIBRARY = "libc++";
				CLANG_ENABLE_MODULES = YES;
				CLANG_ENABLE_OBJC_ARC = YES;
				CLANG_ENABLE_OBJC_WEAK = YES;
				CLANG_WARN_BLOCK_CAPTURE_AUTORELEASING = YES;
				CLANG_WARN_BOOL_CONVERSION = YES;
				CLANG_WARN_COMMA = YES;
				CLANG_WARN_CONSTANT_CONVERSION = YES;
				CLANG_WARN_DEPRECATED_OBJC_IMPLEMENTATIONS = YES;
				CLANG_WARN_DIRECT_OBJC_ISA_USAGE = YES_ERROR;
				CLANG_WARN_DOCUMENTATION_COMMENTS = YES;
				CLANG_WARN_EMPTY_BODY = YES;
				CLANG_WARN_ENUM_CONVERSION = YES;
				CLANG_WARN_INFINITE_RECURSION = YES;
				CLANG_WARN_INT_CONVERSION = YES;
				CLANG_WARN_NON_LITERAL_NULL_CONVERSION = YES;
				CLANG_WARN_OBJC_IMPLICIT_RETAIN_SELF = YES;
				CLANG_WARN_OBJC_LITERAL_CONVERSION = YES;
				CLANG_WARN_OBJC_ROOT_CLASS = YES_ERROR;
				CLANG_WARN_QUOTED_INCLUDE_IN_FRAMEWORK_HEADER = YES;
				CLANG_WARN_RANGE_LOOP_ANALYSIS = YES;
				CLANG_WARN_STRICT_PROTOTYPES = YES;
				CLANG_WARN_SUSPICIOUS_MOVE = YES;
				CLANG_WARN_UNGUARDED_AVAILABILITY = YES_AGGRESSIVE;
				CLANG_WARN_UNREACHABLE_CODE = YES;
				CLANG_WARN__DUPLICATE_METHOD_MATCH = YES;
				COPY_PHASE_STRIP = NO;
				DEBUG_INFORMATION_FORMAT = "dwarf-with-dsym";
				ENABLE_NS_ASSERTIONS = NO;
				ENABLE_STRICT_OBJC_MSGSEND = YES;
				GCC_C_LANGUAGE_STANDARD = gnu11;
				GCC_NO_COMMON_BLOCKS = YES;
				GCC_WARN_64_TO_32_BIT_CONVERSION = YES;
				GCC_WARN_ABOUT_RETURN_TYPE = YES_ERROR;
				GCC_WARN_UNDECLARED_SELECTOR = YES;
				GCC_WARN_UNINITIALIZED_AUTOS = YES_AGGRESSIVE;
				GCC_WARN_UNUSED_FUNCTION = YES;
				GCC_WARN_UNUSED_VARIABLE = YES;
				IPHONEOS_DEPLOYMENT_TARGET = 14.2;
				MTL_ENABLE_DEBUG_INFO = NO;
				MTL_FAST_MATH = YES;
				SDKROOT = iphoneos;
				SWIFT_COMPILATION_MODE = wholemodule;
				SWIFT_OPTIMIZATION_LEVEL = "-O";
				VALIDATE_PRODUCT = YES;
			};
			name = Release;
		};
		197B31AC257BCDB40048976A /* Debug */ = {
			isa = XCBuildConfiguration;
			buildSettings = {
				ALWAYS_EMBED_SWIFT_STANDARD_LIBRARIES = YES;
				ASSETCATALOG_COMPILER_APPICON_NAME = AppIcon;
				ASSETCATALOG_COMPILER_GLOBAL_ACCENT_COLOR_NAME = AccentColor;
				CODE_SIGN_STYLE = Automatic;
				DEVELOPMENT_ASSET_PATHS = "\"Dad Jokes/Preview Content\"";
				DEVELOPMENT_TEAM = Q9ZR292R7K;
				ENABLE_PREVIEWS = YES;
				INFOPLIST_FILE = "Dad Jokes/Info.plist";
				LD_RUNPATH_SEARCH_PATHS = (
					"$(inherited)",
					"@executable_path/Frameworks",
				);
				PRODUCT_BUNDLE_IDENTIFIER = "com.charlieeison.Dad-Jokes";
				PRODUCT_NAME = "$(TARGET_NAME)";
				SWIFT_VERSION = 5.0;
				TARGETED_DEVICE_FAMILY = "1,2";
			};
			name = Debug;
		};
		197B31AD257BCDB40048976A /* Release */ = {
			isa = XCBuildConfiguration;
			buildSettings = {
				ALWAYS_EMBED_SWIFT_STANDARD_LIBRARIES = YES;
				ASSETCATALOG_COMPILER_APPICON_NAME = AppIcon;
				ASSETCATALOG_COMPILER_GLOBAL_ACCENT_COLOR_NAME = AccentColor;
				CODE_SIGN_STYLE = Automatic;
				DEVELOPMENT_ASSET_PATHS = "\"Dad Jokes/Preview Content\"";
				DEVELOPMENT_TEAM = Q9ZR292R7K;
				ENABLE_PREVIEWS = YES;
				INFOPLIST_FILE = "Dad Jokes/Info.plist";
				LD_RUNPATH_SEARCH_PATHS = (
					"$(inherited)",
					"@executable_path/Frameworks",
				);
				PRODUCT_BUNDLE_IDENTIFIER = "com.charlieeison.Dad-Jokes";
				PRODUCT_NAME = "$(TARGET_NAME)";
				SWIFT_VERSION = 5.0;
				TARGETED_DEVICE_FAMILY = "1,2";
			};
			name = Release;
		};
		197B31CA257C68E60048976A /* Debug */ = {
			isa = XCBuildConfiguration;
			buildSettings = {
				ASSETCATALOG_COMPILER_GLOBAL_ACCENT_COLOR_NAME = AccentColor;
				ASSETCATALOG_COMPILER_WIDGET_BACKGROUND_COLOR_NAME = WidgetBackground;
				CODE_SIGN_STYLE = Automatic;
				DEVELOPMENT_TEAM = Q9ZR292R7K;
				INFOPLIST_FILE = JokeWidget/Info.plist;
				LD_RUNPATH_SEARCH_PATHS = (
					"$(inherited)",
					"@executable_path/Frameworks",
					"@executable_path/../../Frameworks",
				);
				PRODUCT_BUNDLE_IDENTIFIER = "com.charlieeison.Dad-Jokes.JokeWidget";
				PRODUCT_NAME = "$(TARGET_NAME)";
				SKIP_INSTALL = YES;
				SWIFT_VERSION = 5.0;
				TARGETED_DEVICE_FAMILY = "1,2";
			};
			name = Debug;
		};
		197B31CB257C68E60048976A /* Release */ = {
			isa = XCBuildConfiguration;
			buildSettings = {
				ASSETCATALOG_COMPILER_GLOBAL_ACCENT_COLOR_NAME = AccentColor;
				ASSETCATALOG_COMPILER_WIDGET_BACKGROUND_COLOR_NAME = WidgetBackground;
				CODE_SIGN_STYLE = Automatic;
				DEVELOPMENT_TEAM = Q9ZR292R7K;
				INFOPLIST_FILE = JokeWidget/Info.plist;
				LD_RUNPATH_SEARCH_PATHS = (
					"$(inherited)",
					"@executable_path/Frameworks",
					"@executable_path/../../Frameworks",
				);
				PRODUCT_BUNDLE_IDENTIFIER = "com.charlieeison.Dad-Jokes.JokeWidget";
				PRODUCT_NAME = "$(TARGET_NAME)";
				SKIP_INSTALL = YES;
				SWIFT_VERSION = 5.0;
				TARGETED_DEVICE_FAMILY = "1,2";
			};
			name = Release;
		};
/* End XCBuildConfiguration section */

/* Begin XCConfigurationList section */
		197B3192257BCDB20048976A /* Build configuration list for PBXProject "Dad Jokes" */ = {
			isa = XCConfigurationList;
			buildConfigurations = (
				197B31A9257BCDB40048976A /* Debug */,
				197B31AA257BCDB40048976A /* Release */,
			);
			defaultConfigurationIsVisible = 0;
			defaultConfigurationName = Release;
		};
		197B31AB257BCDB40048976A /* Build configuration list for PBXNativeTarget "Dad Jokes" */ = {
			isa = XCConfigurationList;
			buildConfigurations = (
				197B31AC257BCDB40048976A /* Debug */,
				197B31AD257BCDB40048976A /* Release */,
			);
			defaultConfigurationIsVisible = 0;
			defaultConfigurationName = Release;
		};
		197B31CC257C68E60048976A /* Build configuration list for PBXNativeTarget "JokeWidgetExtension" */ = {
			isa = XCConfigurationList;
			buildConfigurations = (
				197B31CA257C68E60048976A /* Debug */,
				197B31CB257C68E60048976A /* Release */,
			);
			defaultConfigurationIsVisible = 0;
			defaultConfigurationName = Release;
		};
/* End XCConfigurationList section */
	};
	rootObject = 197B318F257BCDB20048976A /* Project object */;
}
